
Microsoft Visual Studio Solution File, Format Version 12.00
# Visual Studio Version 17
Project("{2150E333-8FDC-42A3-9474-1A3956D46DE8}") = "CMake", "CMake", "{C03E9675-C2D4-33A0-8DD0-E57547104366}"
EndProject
Project("{2150E333-8FDC-42A3-9474-1A3956D46DE8}") = "SFML", "SFML", "{67C8C3DB-31FB-3427-AC6D-355F776B4FFC}"
EndProject
Project("{8BC9CEB8-8B4A-11D0-8D11-00A0C91BC942}") = "ALL_BUILD", "ALL_BUILD.vcxproj", "{97D57DD1-CF16-3307-93E1-D5B227E2FC57}"
	ProjectSection(ProjectDependencies) = postProject
		{5A4D8E09-9679-3692-8C59-68F6059448A0} = {5A4D8E09-9679-3692-8C59-68F6059448A0}
		{0AB8D525-CEF7-3E06-9735-2D855378AB90} = {0AB8D525-CEF7-3E06-9735-2D855378AB90}
		{A2649673-28BA-35CD-8804-92FB2B4087DF} = {A2649673-28BA-35CD-8804-92FB2B4087DF}
		{BE05449E-CB12-3C73-8B06-1B9FDAE76B4B} = {BE05449E-CB12-3C73-8B06-1B9FDAE76B4B}
		{639F9466-2752-3903-8B1D-47523F8582A1} = {639F9466-2752-3903-8B1D-47523F8582A1}
		{98A277E1-3054-3CF7-9A97-79D3ADB4E3B6} = {98A277E1-3054-3CF7-9A97-79D3ADB4E3B6}
		{11A5E63F-9820-32FB-A505-9A38287F3378} = {11A5E63F-9820-32FB-A505-9A38287F3378}
		{D8EE04E5-BE19-3CC3-ACCE-14013473AD5B} = {D8EE04E5-BE19-3CC3-ACCE-14013473AD5B}
	EndProjectSection
EndProject
Project("{8BC9CEB8-8B4A-11D0-8D11-00A0C91BC942}") = "INSTALL", "INSTALL.vcxproj", "{762D96C2-79BC-32AA-8192-56F5378C2AEB}"
	ProjectSection(ProjectDependencies) = postProject
		{97D57DD1-CF16-3307-93E1-D5B227E2FC57} = {97D57DD1-CF16-3307-93E1-D5B227E2FC57}
		{0AB8D525-CEF7-3E06-9735-2D855378AB90} = {0AB8D525-CEF7-3E06-9735-2D855378AB90}
	EndProjectSection
EndProject
Project("{8BC9CEB8-8B4A-11D0-8D11-00A0C91BC942}") = "PACKAGE", "PACKAGE.vcxproj", "{87416300-5C0F-3022-9F9D-1DA356A9FA89}"
	ProjectSection(ProjectDependencies) = postProject
		{97D57DD1-CF16-3307-93E1-D5B227E2FC57} = {97D57DD1-CF16-3307-93E1-D5B227E2FC57}
		{0AB8D525-CEF7-3E06-9735-2D855378AB90} = {0AB8D525-CEF7-3E06-9735-2D855378AB90}
	EndProjectSection
EndProject
Project("{8BC9CEB8-8B4A-11D0-8D11-00A0C91BC942}") = "PRACTICAL_1", "PRACTICAL_1.vcxproj", "{5A4D8E09-9679-3692-8C59-68F6059448A0}"
	ProjectSection(ProjectDependencies) = postProject
		{0AB8D525-CEF7-3E06-9735-2D855378AB90} = {0AB8D525-CEF7-3E06-9735-2D855378AB90}
		{BE05449E-CB12-3C73-8B06-1B9FDAE76B4B} = {BE05449E-CB12-3C73-8B06-1B9FDAE76B4B}
		{11A5E63F-9820-32FB-A505-9A38287F3378} = {11A5E63F-9820-32FB-A505-9A38287F3378}
		{D8EE04E5-BE19-3CC3-ACCE-14013473AD5B} = {D8EE04E5-BE19-3CC3-ACCE-14013473AD5B}
	EndProjectSection
EndProject
Project("{8BC9CEB8-8B4A-11D0-8D11-00A0C91BC942}") = "ZERO_CHECK", "ZERO_CHECK.vcxproj", "{0AB8D525-CEF7-3E06-9735-2D855378AB90}"
	ProjectSection(ProjectDependencies) = postProject
	EndProjectSection
EndProject
Project("{8BC9CEB8-8B4A-11D0-8D11-00A0C91BC942}") = "sfml-audio", "lib\sfml\src\SFML\Audio\sfml-audio.vcxproj", "{A2649673-28BA-35CD-8804-92FB2B4087DF}"
	ProjectSection(ProjectDependencies) = postProject
		{0AB8D525-CEF7-3E06-9735-2D855378AB90} = {0AB8D525-CEF7-3E06-9735-2D855378AB90}
		{11A5E63F-9820-32FB-A505-9A38287F3378} = {11A5E63F-9820-32FB-A505-9A38287F3378}
	EndProjectSection
EndProject
Project("{8BC9CEB8-8B4A-11D0-8D11-00A0C91BC942}") = "sfml-graphics", "lib\sfml\src\SFML\Graphics\sfml-graphics.vcxproj", "{BE05449E-CB12-3C73-8B06-1B9FDAE76B4B}"
	ProjectSection(ProjectDependencies) = postProject
		{0AB8D525-CEF7-3E06-9735-2D855378AB90} = {0AB8D525-CEF7-3E06-9735-2D855378AB90}
		{11A5E63F-9820-32FB-A505-9A38287F3378} = {11A5E63F-9820-32FB-A505-9A38287F3378}
		{D8EE04E5-BE19-3CC3-ACCE-14013473AD5B} = {D8EE04E5-BE19-3CC3-ACCE-14013473AD5B}
	EndProjectSection
EndProject
Project("{8BC9CEB8-8B4A-11D0-8D11-00A0C91BC942}") = "sfml-main", "lib\sfml\src\SFML\Main\sfml-main.vcxproj", "{639F9466-2752-3903-8B1D-47523F8582A1}"
	ProjectSection(ProjectDependencies) = postProject
		{0AB8D525-CEF7-3E06-9735-2D855378AB90} = {0AB8D525-CEF7-3E06-9735-2D855378AB90}
	EndProjectSection
EndProject
Project("{8BC9CEB8-8B4A-11D0-8D11-00A0C91BC942}") = "sfml-network", "lib\sfml\src\SFML\Network\sfml-network.vcxproj", "{98A277E1-3054-3CF7-9A97-79D3ADB4E3B6}"
	ProjectSection(ProjectDependencies) = postProject
		{0AB8D525-CEF7-3E06-9735-2D855378AB90} = {0AB8D525-CEF7-3E06-9735-2D855378AB90}
		{11A5E63F-9820-32FB-A505-9A38287F3378} = {11A5E63F-9820-32FB-A505-9A38287F3378}
	EndProjectSection
EndProject
Project("{8BC9CEB8-8B4A-11D0-8D11-00A0C91BC942}") = "sfml-system", "lib\sfml\src\SFML\System\sfml-system.vcxproj", "{11A5E63F-9820-32FB-A505-9A38287F3378}"
	ProjectSection(ProjectDependencies) = postProject
		{0AB8D525-CEF7-3E06-9735-2D855378AB90} = {0AB8D525-CEF7-3E06-9735-2D855378AB90}
	EndProjectSection
EndProject
Project("{8BC9CEB8-8B4A-11D0-8D11-00A0C91BC942}") = "sfml-window", "lib\sfml\src\SFML\Window\sfml-window.vcxproj", "{D8EE04E5-BE19-3CC3-ACCE-14013473AD5B}"
	ProjectSection(ProjectDependencies) = postProject
		{0AB8D525-CEF7-3E06-9735-2D855378AB90} = {0AB8D525-CEF7-3E06-9735-2D855378AB90}
		{11A5E63F-9820-32FB-A505-9A38287F3378} = {11A5E63F-9820-32FB-A505-9A38287F3378}
	EndProjectSection
EndProject
Global
	GlobalSection(SolutionConfigurationPlatforms) = preSolution
		Debug|x64 = Debug|x64
		Release|x64 = Release|x64
		MinSizeRel|x64 = MinSizeRel|x64
		RelWithDebInfo|x64 = RelWithDebInfo|x64
	EndGlobalSection
	GlobalSection(ProjectConfigurationPlatforms) = postSolution
		{97D57DD1-CF16-3307-93E1-D5B227E2FC57}.Debug|x64.ActiveCfg = Debug|x64
		{97D57DD1-CF16-3307-93E1-D5B227E2FC57}.Debug|x64.Build.0 = Debug|x64
		{97D57DD1-CF16-3307-93E1-D5B227E2FC57}.Release|x64.ActiveCfg = Release|x64
		{97D57DD1-CF16-3307-93E1-D5B227E2FC57}.Release|x64.Build.0 = Release|x64
		{97D57DD1-CF16-3307-93E1-D5B227E2FC57}.MinSizeRel|x64.ActiveCfg = MinSizeRel|x64
		{97D57DD1-CF16-3307-93E1-D5B227E2FC57}.MinSizeRel|x64.Build.0 = MinSizeRel|x64
		{97D57DD1-CF16-3307-93E1-D5B227E2FC57}.RelWithDebInfo|x64.ActiveCfg = RelWithDebInfo|x64
		{97D57DD1-CF16-3307-93E1-D5B227E2FC57}.RelWithDebInfo|x64.Build.0 = RelWithDebInfo|x64
		{762D96C2-79BC-32AA-8192-56F5378C2AEB}.Debug|x64.ActiveCfg = Debug|x64
		{762D96C2-79BC-32AA-8192-56F5378C2AEB}.Release|x64.ActiveCfg = Release|x64
		{762D96C2-79BC-32AA-8192-56F5378C2AEB}.MinSizeRel|x64.ActiveCfg = MinSizeRel|x64
		{762D96C2-79BC-32AA-8192-56F5378C2AEB}.RelWithDebInfo|x64.ActiveCfg = RelWithDebInfo|x64
		{87416300-5C0F-3022-9F9D-1DA356A9FA89}.Debug|x64.ActiveCfg = Debug|x64
		{87416300-5C0F-3022-9F9D-1DA356A9FA89}.Release|x64.ActiveCfg = Release|x64
		{87416300-5C0F-3022-9F9D-1DA356A9FA89}.MinSizeRel|x64.ActiveCfg = MinSizeRel|x64
		{87416300-5C0F-3022-9F9D-1DA356A9FA89}.RelWithDebInfo|x64.ActiveCfg = RelWithDebInfo|x64
		{5A4D8E09-9679-3692-8C59-68F6059448A0}.Debug|x64.ActiveCfg = Debug|x64
		{5A4D8E09-9679-3692-8C59-68F6059448A0}.Debug|x64.Build.0 = Debug|x64
		{5A4D8E09-9679-3692-8C59-68F6059448A0}.Release|x64.ActiveCfg = Release|x64
		{5A4D8E09-9679-3692-8C59-68F6059448A0}.Release|x64.Build.0 = Release|x64
		{5A4D8E09-9679-3692-8C59-68F6059448A0}.MinSizeRel|x64.ActiveCfg = MinSizeRel|x64
		{5A4D8E09-9679-3692-8C59-68F6059448A0}.MinSizeRel|x64.Build.0 = MinSizeRel|x64
		{5A4D8E09-9679-3692-8C59-68F6059448A0}.RelWithDebInfo|x64.ActiveCfg = RelWithDebInfo|x64
		{5A4D8E09-9679-3692-8C59-68F6059448A0}.RelWithDebInfo|x64.Build.0 = RelWithDebInfo|x64
		{0AB8D525-CEF7-3E06-9735-2D855378AB90}.Debug|x64.ActiveCfg = Debug|x64
		{0AB8D525-CEF7-3E06-9735-2D855378AB90}.Debug|x64.Build.0 = Debug|x64
		{0AB8D525-CEF7-3E06-9735-2D855378AB90}.Release|x64.ActiveCfg = Release|x64
		{0AB8D525-CEF7-3E06-9735-2D855378AB90}.Release|x64.Build.0 = Release|x64
		{0AB8D525-CEF7-3E06-9735-2D855378AB90}.MinSizeRel|x64.ActiveCfg = MinSizeRel|x64
		{0AB8D525-CEF7-3E06-9735-2D855378AB90}.MinSizeRel|x64.Build.0 = MinSizeRel|x64
		{0AB8D525-CEF7-3E06-9735-2D855378AB90}.RelWithDebInfo|x64.ActiveCfg = RelWithDebInfo|x64
		{0AB8D525-CEF7-3E06-9735-2D855378AB90}.RelWithDebInfo|x64.Build.0 = RelWithDebInfo|x64
		{A2649673-28BA-35CD-8804-92FB2B4087DF}.Debug|x64.ActiveCfg = Debug|x64
		{A2649673-28BA-35CD-8804-92FB2B4087DF}.Debug|x64.Build.0 = Debug|x64
		{A2649673-28BA-35CD-8804-92FB2B4087DF}.Release|x64.ActiveCfg = Release|x64
		{A2649673-28BA-35CD-8804-92FB2B4087DF}.Release|x64.Build.0 = Release|x64
		{A2649673-28BA-35CD-8804-92FB2B4087DF}.MinSizeRel|x64.ActiveCfg = MinSizeRel|x64
		{A2649673-28BA-35CD-8804-92FB2B4087DF}.MinSizeRel|x64.Build.0 = MinSizeRel|x64
		{A2649673-28BA-35CD-8804-92FB2B4087DF}.RelWithDebInfo|x64.ActiveCfg = RelWithDebInfo|x64
		{A2649673-28BA-35CD-8804-92FB2B4087DF}.RelWithDebInfo|x64.Build.0 = RelWithDebInfo|x64
		{BE05449E-CB12-3C73-8B06-1B9FDAE76B4B}.Debug|x64.ActiveCfg = Debug|x64
		{BE05449E-CB12-3C73-8B06-1B9FDAE76B4B}.Debug|x64.Build.0 = Debug|x64
		{BE05449E-CB12-3C73-8B06-1B9FDAE76B4B}.Release|x64.ActiveCfg = Release|x64
		{BE05449E-CB12-3C73-8B06-1B9FDAE76B4B}.Release|x64.Build.0 = Release|x64
		{BE05449E-CB12-3C73-8B06-1B9FDAE76B4B}.MinSizeRel|x64.ActiveCfg = MinSizeRel|x64
		{BE05449E-CB12-3C73-8B06-1B9FDAE76B4B}.MinSizeRel|x64.Build.0 = MinSizeRel|x64
		{BE05449E-CB12-3C73-8B06-1B9FDAE76B4B}.RelWithDebInfo|x64.ActiveCfg = RelWithDebInfo|x64
		{BE05449E-CB12-3C73-8B06-1B9FDAE76B4B}.RelWithDebInfo|x64.Build.0 = RelWithDebInfo|x64
		{639F9466-2752-3903-8B1D-47523F8582A1}.Debug|x64.ActiveCfg = Debug|x64
		{639F9466-2752-3903-8B1D-47523F8582A1}.Debug|x64.Build.0 = Debug|x64
		{639F9466-2752-3903-8B1D-47523F8582A1}.Release|x64.ActiveCfg = Release|x64
		{639F9466-2752-3903-8B1D-47523F8582A1}.Release|x64.Build.0 = Release|x64
		{639F9466-2752-3903-8B1D-47523F8582A1}.MinSizeRel|x64.ActiveCfg = MinSizeRel|x64
		{639F9466-2752-3903-8B1D-47523F8582A1}.MinSizeRel|x64.Build.0 = MinSizeRel|x64
		{639F9466-2752-3903-8B1D-47523F8582A1}.RelWithDebInfo|x64.ActiveCfg = RelWithDebInfo|x64
		{639F9466-2752-3903-8B1D-47523F8582A1}.RelWithDebInfo|x64.Build.0 = RelWithDebInfo|x64
		{98A277E1-3054-3CF7-9A97-79D3ADB4E3B6}.Debug|x64.ActiveCfg = Debug|x64
		{98A277E1-3054-3CF7-9A97-79D3ADB4E3B6}.Debug|x64.Build.0 = Debug|x64
		{98A277E1-3054-3CF7-9A97-79D3ADB4E3B6}.Release|x64.ActiveCfg = Release|x64
		{98A277E1-3054-3CF7-9A97-79D3ADB4E3B6}.Release|x64.Build.0 = Release|x64
		{98A277E1-3054-3CF7-9A97-79D3ADB4E3B6}.MinSizeRel|x64.ActiveCfg = MinSizeRel|x64
		{98A277E1-3054-3CF7-9A97-79D3ADB4E3B6}.MinSizeRel|x64.Build.0 = MinSizeRel|x64
		{98A277E1-3054-3CF7-9A97-79D3ADB4E3B6}.RelWithDebInfo|x64.ActiveCfg = RelWithDebInfo|x64
		{98A277E1-3054-3CF7-9A97-79D3ADB4E3B6}.RelWithDebInfo|x64.Build.0 = RelWithDebInfo|x64
		{11A5E63F-9820-32FB-A505-9A38287F3378}.Debug|x64.ActiveCfg = Debug|x64
		{11A5E63F-9820-32FB-A505-9A38287F3378}.Debug|x64.Build.0 = Debug|x64
		{11A5E63F-9820-32FB-A505-9A38287F3378}.Release|x64.ActiveCfg = Release|x64
		{11A5E63F-9820-32FB-A505-9A38287F3378}.Release|x64.Build.0 = Release|x64
		{11A5E63F-9820-32FB-A505-9A38287F3378}.MinSizeRel|x64.ActiveCfg = MinSizeRel|x64
		{11A5E63F-9820-32FB-A505-9A38287F3378}.MinSizeRel|x64.Build.0 = MinSizeRel|x64
		{11A5E63F-9820-32FB-A505-9A38287F3378}.RelWithDebInfo|x64.ActiveCfg = RelWithDebInfo|x64
		{11A5E63F-9820-32FB-A505-9A38287F3378}.RelWithDebInfo|x64.Build.0 = RelWithDebInfo|x64
		{D8EE04E5-BE19-3CC3-ACCE-14013473AD5B}.Debug|x64.ActiveCfg = Debug|x64
		{D8EE04E5-BE19-3CC3-ACCE-14013473AD5B}.Debug|x64.Build.0 = Debug|x64
		{D8EE04E5-BE19-3CC3-ACCE-14013473AD5B}.Release|x64.ActiveCfg = Release|x64
		{D8EE04E5-BE19-3CC3-ACCE-14013473AD5B}.Release|x64.Build.0 = Release|x64
		{D8EE04E5-BE19-3CC3-ACCE-14013473AD5B}.MinSizeRel|x64.ActiveCfg = MinSizeRel|x64
		{D8EE04E5-BE19-3CC3-ACCE-14013473AD5B}.MinSizeRel|x64.Build.0 = MinSizeRel|x64
		{D8EE04E5-BE19-3CC3-ACCE-14013473AD5B}.RelWithDebInfo|x64.ActiveCfg = RelWithDebInfo|x64
		{D8EE04E5-BE19-3CC3-ACCE-14013473AD5B}.RelWithDebInfo|x64.Build.0 = RelWithDebInfo|x64
	EndGlobalSection
	GlobalSection(NestedProjects) = preSolution
		{97D57DD1-CF16-3307-93E1-D5B227E2FC57} = {C03E9675-C2D4-33A0-8DD0-E57547104366}
		{762D96C2-79BC-32AA-8192-56F5378C2AEB} = {C03E9675-C2D4-33A0-8DD0-E57547104366}
		{87416300-5C0F-3022-9F9D-1DA356A9FA89} = {C03E9675-C2D4-33A0-8DD0-E57547104366}
		{0AB8D525-CEF7-3E06-9735-2D855378AB90} = {C03E9675-C2D4-33A0-8DD0-E57547104366}
		{A2649673-28BA-35CD-8804-92FB2B4087DF} = {67C8C3DB-31FB-3427-AC6D-355F776B4FFC}
		{BE05449E-CB12-3C73-8B06-1B9FDAE76B4B} = {67C8C3DB-31FB-3427-AC6D-355F776B4FFC}
		{639F9466-2752-3903-8B1D-47523F8582A1} = {67C8C3DB-31FB-3427-AC6D-355F776B4FFC}
		{98A277E1-3054-3CF7-9A97-79D3ADB4E3B6} = {67C8C3DB-31FB-3427-AC6D-355F776B4FFC}
		{11A5E63F-9820-32FB-A505-9A38287F3378} = {67C8C3DB-31FB-3427-AC6D-355F776B4FFC}
		{D8EE04E5-BE19-3CC3-ACCE-14013473AD5B} = {67C8C3DB-31FB-3427-AC6D-355F776B4FFC}
	EndGlobalSection
	GlobalSection(ExtensibilityGlobals) = postSolution
		SolutionGuid = {22A0DA34-9E51-3189-B4B2-819CE7584197}
	EndGlobalSection
	GlobalSection(ExtensibilityAddIns) = postSolution
	EndGlobalSection
EndGlobal
